
Microsoft Visual Studio Solution File, Format Version 12.00
# Visual Studio Version 17
VisualStudioVersion = 17.4.33205.214
MinimumVisualStudioVersion = 10.0.40219.1
Project("{9A19103F-16F7-4668-BE54-9A1E7A4F7556}") = "order-management", "order-management\order-management.csproj", "{E3C2201A-AC69-4D6E-BB9C-7CF0253E36A3}"
EndProject
Project("{9A19103F-16F7-4668-BE54-9A1E7A4F7556}") = "Repository", "Repository\Repository.csproj", "{744A61DA-D3AF-4C39-ACEF-AD8511B6ABD2}"
EndProject
Global
	GlobalSection(SolutionConfigurationPlatforms) = preSolution
		Debug|Any CPU = Debug|Any CPU
		Release|Any CPU = Release|Any CPU
	EndGlobalSection
	GlobalSection(ProjectConfigurationPlatforms) = postSolution
		{E3C2201A-AC69-4D6E-BB9C-7CF0253E36A3}.Debug|Any CPU.ActiveCfg = Debug|Any CPU
		{E3C2201A-AC69-4D6E-BB9C-7CF0253E36A3}.Debug|Any CPU.Build.0 = Debug|Any CPU
		{E3C2201A-AC69-4D6E-BB9C-7CF0253E36A3}.Release|Any CPU.ActiveCfg = Release|Any CPU
		{E3C2201A-AC69-4D6E-BB9C-7CF0253E36A3}.Release|Any CPU.Build.0 = Release|Any CPU
		{744A61DA-D3AF-4C39-ACEF-AD8511B6ABD2}.Debug|Any CPU.ActiveCfg = Debug|Any CPU
		{744A61DA-D3AF-4C39-ACEF-AD8511B6ABD2}.Debug|Any CPU.Build.0 = Debug|Any CPU
		{744A61DA-D3AF-4C39-ACEF-AD8511B6ABD2}.Release|Any CPU.ActiveCfg = Release|Any CPU
		{744A61DA-D3AF-4C39-ACEF-AD8511B6ABD2}.Release|Any CPU.Build.0 = Release|Any CPU
	EndGlobalSection
	GlobalSection(SolutionProperties) = preSolution
		HideSolutionNode = FALSE
	EndGlobalSection
	GlobalSection(ExtensibilityGlobals) = postSolution
		SolutionGuid = {BC587EF5-5C03-4328-BF06-8AD430C15B97}
	EndGlobalSection
EndGlobal
